
Microsoft Visual Studio Solution File, Format Version 12.00
# Visual Studio Version 17
VisualStudioVersion = 17.8.34525.116
MinimumVisualStudioVersion = 10.0.40219.1
Project("{FAE04EC0-301F-11D3-BF4B-00C04F79EFBC}") = "ConsoleApp12", "ConsoleApp12\ConsoleApp12.csproj", "{B2770AC8-ACA3-4C8D-BCBF-AA48BB899563}"
EndProject
Global
	GlobalSection(SolutionConfigurationPlatforms) = preSolution
		Debug|Any CPU = Debug|Any CPU
		Release|Any CPU = Release|Any CPU
	EndGlobalSection
	GlobalSection(ProjectConfigurationPlatforms) = postSolution
		{B2770AC8-ACA3-4C8D-BCBF-AA48BB899563}.Debug|Any CPU.ActiveCfg = Debug|Any CPU
		{B2770AC8-ACA3-4C8D-BCBF-AA48BB899563}.Debug|Any CPU.Build.0 = Debug|Any CPU
		{B2770AC8-ACA3-4C8D-BCBF-AA48BB899563}.Release|Any CPU.ActiveCfg = Release|Any CPU
		{B2770AC8-ACA3-4C8D-BCBF-AA48BB899563}.Release|Any CPU.Build.0 = Release|Any CPU
	EndGlobalSection
	GlobalSection(SolutionProperties) = preSolution
		HideSolutionNode = FALSE
	EndGlobalSection
	GlobalSection(ExtensibilityGlobals) = postSolution
		SolutionGuid = {EAC843E9-90C5-4EA5-8F67-DAEB879A4360}
	EndGlobalSection
EndGlobal
